
Microsoft Visual Studio Solution File, Format Version 12.00
# Visual Studio Version 16
VisualStudioVersion = 16.0.31702.278
MinimumVisualStudioVersion = 10.0.40219.1
Project("{FAE04EC0-301F-11D3-BF4B-00C04F79EFBC}") = "hotelAPI", "hotelAPI.csproj", "{79670D34-3E62-4B3A-B1E5-354CB5378E21}"
EndProject
Global
	GlobalSection(SolutionConfigurationPlatforms) = preSolution
		Debug|Any CPU = Debug|Any CPU
		Release|Any CPU = Release|Any CPU
	EndGlobalSection
	GlobalSection(ProjectConfigurationPlatforms) = postSolution
		{79670D34-3E62-4B3A-B1E5-354CB5378E21}.Debug|Any CPU.ActiveCfg = Debug|Any CPU
		{79670D34-3E62-4B3A-B1E5-354CB5378E21}.Debug|Any CPU.Build.0 = Debug|Any CPU
		{79670D34-3E62-4B3A-B1E5-354CB5378E21}.Release|Any CPU.ActiveCfg = Release|Any CPU
		{79670D34-3E62-4B3A-B1E5-354CB5378E21}.Release|Any CPU.Build.0 = Release|Any CPU
	EndGlobalSection
	GlobalSection(SolutionProperties) = preSolution
		HideSolutionNode = FALSE
	EndGlobalSection
	GlobalSection(ExtensibilityGlobals) = postSolution
		SolutionGuid = {62610E98-837E-4773-AA36-A9D74AEB91E5}
	EndGlobalSection
EndGlobal
